// !$*UTF8*$!
{
	archiveVersion = 1;
	classes = {
	};
	objectVersion = 50;
	objects = {

/* Begin PBXBuildFile section */
		FAD2B79D242FB796000358EB /* AppDelegate.swift in Sources */ = {isa = PBXBuildFile; fileRef = FAD2B79C242FB796000358EB /* AppDelegate.swift */; };
		FAD2B79F242FB796000358EB /* SceneDelegate.swift in Sources */ = {isa = PBXBuildFile; fileRef = FAD2B79E242FB796000358EB /* SceneDelegate.swift */; };
		FAD2B7A1242FB796000358EB /* ViewController.swift in Sources */ = {isa = PBXBuildFile; fileRef = FAD2B7A0242FB796000358EB /* ViewController.swift */; };
		FAD2B7A4242FB796000358EB /* Main.storyboard in Resources */ = {isa = PBXBuildFile; fileRef = FAD2B7A2242FB796000358EB /* Main.storyboard */; };
		FAD2B7A6242FB79A000358EB /* Assets.xcassets in Resources */ = {isa = PBXBuildFile; fileRef = FAD2B7A5242FB79A000358EB /* Assets.xcassets */; };
		FAD2B7A9242FB79A000358EB /* LaunchScreen.storyboard in Resources */ = {isa = PBXBuildFile; fileRef = FAD2B7A7242FB79A000358EB /* LaunchScreen.storyboard */; };
		FAD2B7B1242FBBCB000358EB /* steve-bw-image.png in Resources */ = {isa = PBXBuildFile; fileRef = FAD2B7B0242FBBCB000358EB /* steve-bw-image.png */; };
		FAD2B7B4242FBC79000358EB /* VideosListViewController.swift in Sources */ = {isa = PBXBuildFile; fileRef = FAD2B7B3242FBC79000358EB /* VideosListViewController.swift */; };
		FAD2B7B7242FC1B8000358EB /* Video.swift in Sources */ = {isa = PBXBuildFile; fileRef = FAD2B7B6242FC1B8000358EB /* Video.swift */; };
/* End PBXBuildFile section */

/* Begin PBXFileReference section */
		FAD2B799242FB796000358EB /* Steve Jobs Videos.app */ = {isa = PBXFileReference; explicitFileType = wrapper.application; includeInIndex = 0; path = "Steve Jobs Videos.app"; sourceTree = BUILT_PRODUCTS_DIR; };
		FAD2B79C242FB796000358EB /* AppDelegate.swift */ = {isa = PBXFileReference; lastKnownFileType = sourcecode.swift; path = AppDelegate.swift; sourceTree = "<group>"; };
		FAD2B79E242FB796000358EB /* SceneDelegate.swift */ = {isa = PBXFileReference; lastKnownFileType = sourcecode.swift; path = SceneDelegate.swift; sourceTree = "<group>"; };
		FAD2B7A0242FB796000358EB /* ViewController.swift */ = {isa = PBXFileReference; lastKnownFileType = sourcecode.swift; path = ViewController.swift; sourceTree = "<group>"; };
		FAD2B7A3242FB796000358EB /* Base */ = {isa = PBXFileReference; lastKnownFileType = file.storyboard; name = Base; path = Base.lproj/Main.storyboard; sourceTree = "<group>"; };
		FAD2B7A5242FB79A000358EB /* Assets.xcassets */ = {isa = PBXFileReference; lastKnownFileType = folder.assetcatalog; path = Assets.xcassets; sourceTree = "<group>"; };
		FAD2B7A8242FB79A000358EB /* Base */ = {isa = PBXFileReference; lastKnownFileType = file.storyboard; name = Base; path = Base.lproj/LaunchScreen.storyboard; sourceTree = "<group>"; };
		FAD2B7AA242FB79A000358EB /* Info.plist */ = {isa = PBXFileReference; lastKnownFileType = text.plist.xml; path = Info.plist; sourceTree = "<group>"; };
		FAD2B7B0242FBBCB000358EB /* steve-bw-image.png */ = {isa = PBXFileReference; lastKnownFileType = image.png; path = "steve-bw-image.png"; sourceTree = "<group>"; };
		FAD2B7B3242FBC79000358EB /* VideosListViewController.swift */ = {isa = PBXFileReference; lastKnownFileType = sourcecode.swift; path = VideosListViewController.swift; sourceTree = "<group>"; };
		FAD2B7B6242FC1B8000358EB /* Video.swift */ = {isa = PBXFileReference; lastKnownFileType = sourcecode.swift; path = Video.swift; sourceTree = "<group>"; };
/* End PBXFileReference section */

/* Begin PBXFrameworksBuildPhase section */
		FAD2B796242FB796000358EB /* Frameworks */ = {
			isa = PBXFrameworksBuildPhase;
			buildActionMask = 2147483647;
			files = (
			);
			runOnlyForDeploymentPostprocessing = 0;
		};
/* End PBXFrameworksBuildPhase section */

/* Begin PBXGroup section */
		FAD2B790242FB796000358EB = {
			isa = PBXGroup;
			children = (
				FAD2B79B242FB796000358EB /* Steve Jobs Videos */,
				FAD2B79A242FB796000358EB /* Products */,
			);
			sourceTree = "<group>";
		};
		FAD2B79A242FB796000358EB /* Products */ = {
			isa = PBXGroup;
			children = (
				FAD2B799242FB796000358EB /* Steve Jobs Videos.app */,
			);
			name = Products;
			sourceTree = "<group>";
		};
		FAD2B79B242FB796000358EB /* Steve Jobs Videos */ = {
			isa = PBXGroup;
			children = (
				FAD2B79C242FB796000358EB /* AppDelegate.swift */,
				FAD2B79E242FB796000358EB /* SceneDelegate.swift */,
				FAD2B7B5242FC190000358EB /* Model */,
				FAD2B7B2242FBC4B000358EB /* Controllers */,
				FAD2B7A2242FB796000358EB /* Main.storyboard */,
				FAD2B7A5242FB79A000358EB /* Assets.xcassets */,
				FAD2B7B0242FBBCB000358EB /* steve-bw-image.png */,
				FAD2B7A7242FB79A000358EB /* LaunchScreen.storyboard */,
				FAD2B7AA242FB79A000358EB /* Info.plist */,
			);
			path = "Steve Jobs Videos";
			sourceTree = "<group>";
		};
		FAD2B7B2242FBC4B000358EB /* Controllers */ = {
			isa = PBXGroup;
			children = (
				FAD2B7A0242FB796000358EB /* ViewController.swift */,
				FAD2B7B3242FBC79000358EB /* VideosListViewController.swift */,
			);
			path = Controllers;
			sourceTree = "<group>";
		};
		FAD2B7B5242FC190000358EB /* Model */ = {
			isa = PBXGroup;
			children = (
				FAD2B7B6242FC1B8000358EB /* Video.swift */,
			);
			path = Model;
			sourceTree = "<group>";
		};
/* End PBXGroup section */

/* Begin PBXNativeTarget section */
		FAD2B798242FB796000358EB /* Steve Jobs Videos */ = {
			isa = PBXNativeTarget;
			buildConfigurationList = FAD2B7AD242FB79A000358EB /* Build configuration list for PBXNativeTarget "Steve Jobs Videos" */;
			buildPhases = (
				FAD2B795242FB796000358EB /* Sources */,
				FAD2B796242FB796000358EB /* Frameworks */,
				FAD2B797242FB796000358EB /* Resources */,
			);
			buildRules = (
			);
			dependencies = (
			);
			name = "Steve Jobs Videos";
			productName = "Steve Jobs Videos";
			productReference = FAD2B799242FB796000358EB /* Steve Jobs Videos.app */;
			productType = "com.apple.product-type.application";
		};
/* End PBXNativeTarget section */

/* Begin PBXProject section */
		FAD2B791242FB796000358EB /* Project object */ = {
			isa = PBXProject;
			attributes = {
				LastSwiftUpdateCheck = 1140;
				LastUpgradeCheck = 1140;
				ORGANIZATIONNAME = "Konrad Gnat";
				TargetAttributes = {
					FAD2B798242FB796000358EB = {
						CreatedOnToolsVersion = 11.4;
					};
				};
			};
			buildConfigurationList = FAD2B794242FB796000358EB /* Build configuration list for PBXProject "Steve Jobs Videos" */;
			compatibilityVersion = "Xcode 9.3";
			developmentRegion = en;
			hasScannedForEncodings = 0;
			knownRegions = (
				en,
				Base,
			);
			mainGroup = FAD2B790242FB796000358EB;
			productRefGroup = FAD2B79A242FB796000358EB /* Products */;
			projectDirPath = "";
			projectRoot = "";
			targets = (
				FAD2B798242FB796000358EB /* Steve Jobs Videos */,
			);
		};
/* End PBXProject section */

/* Begin PBXResourcesBuildPhase section */
		FAD2B797242FB796000358EB /* Resources */ = {
			isa = PBXResourcesBuildPhase;
			buildActionMask = 2147483647;
			files = (
				FAD2B7A9242FB79A000358EB /* LaunchScreen.storyboard in Resources */,
				FAD2B7A6242FB79A000358EB /* Assets.xcassets in Resources */,
				FAD2B7B1242FBBCB000358EB /* steve-bw-image.png in Resources */,
				FAD2B7A4242FB796000358EB /* Main.storyboard in Resources */,
			);
			runOnlyForDeploymentPostprocessing = 0;
		};
/* End PBXResourcesBuildPhase section */

/* Begin PBXSourcesBuildPhase section */
		FAD2B795242FB796000358EB /* Sources */ = {
			isa = PBXSourcesBuildPhase;
			buildActionMask = 2147483647;
			files = (
				FAD2B7A1242FB796000358EB /* ViewController.swift in Sources */,
				FAD2B79D242FB796000358EB /* AppDelegate.swift in Sources */,
				FAD2B7B4242FBC79000358EB /* VideosListViewController.swift in Sources */,
				FAD2B79F242FB796000358EB /* SceneDelegate.swift in Sources */,
				FAD2B7B7242FC1B8000358EB /* Video.swift in Sources */,
			);
			runOnlyForDeploymentPostprocessing = 0;
		};
/* End PBXSourcesBuildPhase section */

/* Begin PBXVariantGroup section */
		FAD2B7A2242FB796000358EB /* Main.storyboard */ = {
			isa = PBXVariantGroup;
			children = (
				FAD2B7A3242FB796000358EB /* Base */,
			);
			name = Main.storyboard;
			sourceTree = "<group>";
		};
		FAD2B7A7242FB79A000358EB /* LaunchScreen.storyboard */ = {
			isa = PBXVariantGroup;
			children = (
				FAD2B7A8242FB79A000358EB /* Base */,
			);
			name = LaunchScreen.storyboard;
			sourceTree = "<group>";
		};
/* End PBXVariantGroup section */

/* Begin XCBuildConfiguration section */
		FAD2B7AB242FB79A000358EB /* Debug */ = {
			isa = XCBuildConfiguration;
			buildSettings = {
				ALWAYS_SEARCH_USER_PATHS = NO;
				CLANG_ANALYZER_NONNULL = YES;
				CLANG_ANALYZER_NUMBER_OBJECT_CONVERSION = YES_AGGRESSIVE;
				CLANG_CXX_LANGUAGE_STANDARD = "gnu++14";
				CLANG_CXX_LIBRARY = "libc++";
				CLANG_ENABLE_MODULES = YES;
				CLANG_ENABLE_OBJC_ARC = YES;
				CLANG_ENABLE_OBJC_WEAK = YES;
				CLANG_WARN_BLOCK_CAPTURE_AUTORELEASING = YES;
				CLANG_WARN_BOOL_CONVERSION = YES;
				CLANG_WARN_COMMA = YES;
				CLANG_WARN_CONSTANT_CONVERSION = YES;
				CLANG_WARN_DEPRECATED_OBJC_IMPLEMENTATIONS = YES;
				CLANG_WARN_DIRECT_OBJC_ISA_USAGE = YES_ERROR;
				CLANG_WARN_DOCUMENTATION_COMMENTS = YES;
				CLANG_WARN_EMPTY_BODY = YES;
				CLANG_WARN_ENUM_CONVERSION = YES;
				CLANG_WARN_INFINITE_RECURSION = YES;
				CLANG_WARN_INT_CONVERSION = YES;
				CLANG_WARN_NON_LITERAL_NULL_CONVERSION = YES;
				CLANG_WARN_OBJC_IMPLICIT_RETAIN_SELF = YES;
				CLANG_WARN_OBJC_LITERAL_CONVERSION = YES;
				CLANG_WARN_OBJC_ROOT_CLASS = YES_ERROR;
				CLANG_WARN_RANGE_LOOP_ANALYSIS = YES;
				CLANG_WARN_STRICT_PROTOTYPES = YES;
				CLANG_WARN_SUSPICIOUS_MOVE = YES;
				CLANG_WARN_UNGUARDED_AVAILABILITY = YES_AGGRESSIVE;
				CLANG_WARN_UNREACHABLE_CODE = YES;
				CLANG_WARN__DUPLICATE_METHOD_MATCH = YES;
				COPY_PHASE_STRIP = NO;
				DEBUG_INFORMATION_FORMAT = dwarf;
				ENABLE_STRICT_OBJC_MSGSEND = YES;
				ENABLE_TESTABILITY = YES;
				GCC_C_LANGUAGE_STANDARD = gnu11;
				GCC_DYNAMIC_NO_PIC = NO;
				GCC_NO_COMMON_BLOCKS = YES;
				GCC_OPTIMIZATION_LEVEL = 0;
				GCC_PREPROCESSOR_DEFINITIONS = (
					"DEBUG=1",
					"$(inherited)",
				);
				GCC_WARN_64_TO_32_BIT_CONVERSION = YES;
				GCC_WARN_ABOUT_RETURN_TYPE = YES_ERROR;
				GCC_WARN_UNDECLARED_SELECTOR = YES;
				GCC_WARN_UNINITIALIZED_AUTOS = YES_AGGRESSIVE;
				GCC_WARN_UNUSED_FUNCTION = YES;
				GCC_WARN_UNUSED_VARIABLE = YES;
				IPHONEOS_DEPLOYMENT_TARGET = 13.4;
				MTL_ENABLE_DEBUG_INFO = INCLUDE_SOURCE;
				MTL_FAST_MATH = YES;
				ONLY_ACTIVE_ARCH = YES;
				SDKROOT = iphoneos;
				SWIFT_ACTIVE_COMPILATION_CONDITIONS = DEBUG;
				SWIFT_OPTIMIZATION_LEVEL = "-Onone";
			};
			name = Debug;
		};
		FAD2B7AC242FB79A000358EB /* Release */ = {
			isa = XCBuildConfiguration;
			buildSettings = {
				ALWAYS_SEARCH_USER_PATHS = NO;
				CLANG_ANALYZER_NONNULL = YES;
				CLANG_ANALYZER_NUMBER_OBJECT_CONVERSION = YES_AGGRESSIVE;
				CLANG_CXX_LANGUAGE_STANDARD = "gnu++14";
				CLANG_CXX_LIBRARY = "libc++";
				CLANG_ENABLE_MODULES = YES;
				CLANG_ENABLE_OBJC_ARC = YES;
				CLANG_ENABLE_OBJC_WEAK = YES;
				CLANG_WARN_BLOCK_CAPTURE_AUTORELEASING = YES;
				CLANG_WARN_BOOL_CONVERSION = YES;
				CLANG_WARN_COMMA = YES;
				CLANG_WARN_CONSTANT_CONVERSION = YES;
				CLANG_WARN_DEPRECATED_OBJC_IMPLEMENTATIONS = YES;
				CLANG_WARN_DIRECT_OBJC_ISA_USAGE = YES_ERROR;
				CLANG_WARN_DOCUMENTATION_COMMENTS = YES;
				CLANG_WARN_EMPTY_BODY = YES;
				CLANG_WARN_ENUM_CONVERSION = YES;
				CLANG_WARN_INFINITE_RECURSION = YES;
				CLANG_WARN_INT_CONVERSION = YES;
				CLANG_WARN_NON_LITERAL_NULL_CONVERSION = YES;
				CLANG_WARN_OBJC_IMPLICIT_RETAIN_SELF = YES;
				CLANG_WARN_OBJC_LITERAL_CONVERSION = YES;
				CLANG_WARN_OBJC_ROOT_CLASS = YES_ERROR;
				CLANG_WARN_RANGE_LOOP_ANALYSIS = YES;
				CLANG_WARN_STRICT_PROTOTYPES = YES;
				CLANG_WARN_SUSPICIOUS_MOVE = YES;
				CLANG_WARN_UNGUARDED_AVAILABILITY = YES_AGGRESSIVE;
				CLANG_WARN_UNREACHABLE_CODE = YES;
				CLANG_WARN__DUPLICATE_METHOD_MATCH = YES;
				COPY_PHASE_STRIP = NO;
				DEBUG_INFORMATION_FORMAT = "dwarf-with-dsym";
				ENABLE_NS_ASSERTIONS = NO;
				ENABLE_STRICT_OBJC_MSGSEND = YES;
				GCC_C_LANGUAGE_STANDARD = gnu11;
				GCC_NO_COMMON_BLOCKS = YES;
				GCC_WARN_64_TO_32_BIT_CONVERSION = YES;
				GCC_WARN_ABOUT_RETURN_TYPE = YES_ERROR;
				GCC_WARN_UNDECLARED_SELECTOR = YES;
				GCC_WARN_UNINITIALIZED_AUTOS = YES_AGGRESSIVE;
				GCC_WARN_UNUSED_FUNCTION = YES;
				GCC_WARN_UNUSED_VARIABLE = YES;
				IPHONEOS_DEPLOYMENT_TARGET = 13.4;
				MTL_ENABLE_DEBUG_INFO = NO;
				MTL_FAST_MATH = YES;
				SDKROOT = iphoneos;
				SWIFT_COMPILATION_MODE = wholemodule;
				SWIFT_OPTIMIZATION_LEVEL = "-O";
				VALIDATE_PRODUCT = YES;
			};
			name = Release;
		};
		FAD2B7AE242FB79A000358EB /* Debug */ = {
			isa = XCBuildConfiguration;
			buildSettings = {
				ASSETCATALOG_COMPILER_APPICON_NAME = AppIcon;
				CODE_SIGN_STYLE = Automatic;
				DEVELOPMENT_TEAM = GA978N825M;
				INFOPLIST_FILE = "Steve Jobs Videos/Info.plist";
				LD_RUNPATH_SEARCH_PATHS = (
					"$(inherited)",
					"@executable_path/Frameworks",
				);
				PRODUCT_BUNDLE_IDENTIFIER = "com.konradgnat.Steve-Jobs-Videos";
				PRODUCT_NAME = "$(TARGET_NAME)";
				SWIFT_VERSION = 5.0;
				TARGETED_DEVICE_FAMILY = "1,2";
			};
			name = Debug;
		};
		FAD2B7AF242FB79A000358EB /* Release */ = {
			isa = XCBuildConfiguration;
			buildSettings = {
				ASSETCATALOG_COMPILER_APPICON_NAME = AppIcon;
				CODE_SIGN_STYLE = Automatic;
				DEVELOPMENT_TEAM = GA978N825M;
				INFOPLIST_FILE = "Steve Jobs Videos/Info.plist";
				LD_RUNPATH_SEARCH_PATHS = (
					"$(inherited)",
					"@executable_path/Frameworks",
				);
				PRODUCT_BUNDLE_IDENTIFIER = "com.konradgnat.Steve-Jobs-Videos";
				PRODUCT_NAME = "$(TARGET_NAME)";
				SWIFT_VERSION = 5.0;
				TARGETED_DEVICE_FAMILY = "1,2";
			};
			name = Release;
		};
/* End XCBuildConfiguration section */

/* Begin XCConfigurationList section */
		FAD2B794242FB796000358EB /* Build configuration list for PBXProject "Steve Jobs Videos" */ = {
			isa = XCConfigurationList;
			buildConfigurations = (
				FAD2B7AB242FB79A000358EB /* Debug */,
				FAD2B7AC242FB79A000358EB /* Release */,
			);
			defaultConfigurationIsVisible = 0;
			defaultConfigurationName = Release;
		};
		FAD2B7AD242FB79A000358EB /* Build configuration list for PBXNativeTarget "Steve Jobs Videos" */ = {
			isa = XCConfigurationList;
			buildConfigurations = (
				FAD2B7AE242FB79A000358EB /* Debug */,
				FAD2B7AF242FB79A000358EB /* Release */,
			);
			defaultConfigurationIsVisible = 0;
			defaultConfigurationName = Release;
		};
/* End XCConfigurationList section */
	};
	rootObject = FAD2B791242FB796000358EB /* Project object */;
}
